
Microsoft Visual Studio Solution File, Format Version 12.00
# Visual Studio Version 17
VisualStudioVersion = 17.9.34728.123
MinimumVisualStudioVersion = 10.0.40219.1
Project("{FAE04EC0-301F-11D3-BF4B-00C04F79EFBC}") = "Projeto", "Projeto\Projeto.csproj", "{D43A3EE2-CD96-4A09-BD64-28AA84F5FFF3}"
EndProject
Global
	GlobalSection(SolutionConfigurationPlatforms) = preSolution
		Debug|Any CPU = Debug|Any CPU
		Release|Any CPU = Release|Any CPU
	EndGlobalSection
	GlobalSection(ProjectConfigurationPlatforms) = postSolution
		{D43A3EE2-CD96-4A09-BD64-28AA84F5FFF3}.Debug|Any CPU.ActiveCfg = Debug|Any CPU
		{D43A3EE2-CD96-4A09-BD64-28AA84F5FFF3}.Debug|Any CPU.Build.0 = Debug|Any CPU
		{D43A3EE2-CD96-4A09-BD64-28AA84F5FFF3}.Release|Any CPU.ActiveCfg = Release|Any CPU
		{D43A3EE2-CD96-4A09-BD64-28AA84F5FFF3}.Release|Any CPU.Build.0 = Release|Any CPU
	EndGlobalSection
	GlobalSection(SolutionProperties) = preSolution
		HideSolutionNode = FALSE
	EndGlobalSection
	GlobalSection(ExtensibilityGlobals) = postSolution
		SolutionGuid = {E0F25FA4-17EF-402A-8E8A-F03DE224BB5D}
	EndGlobalSection
EndGlobal
